{
  "name": "html",
  "lockfileVersion": 3,
  "requires": true,
  "packages": {
    "": {
      "workspaces": [
        "web/themes/custom/swissartg"
      ]
    },
    "node_modules/swissartg": {
      "resolved": "web/themes/custom/swissartg",
      "link": true
    },
    "web/themes/custom/swissartg": {
      "dependencies": {
        "modern-normalize": "^3.0.1"
      }
    },
    "web/themes/custom/swissartg/node_modules/modern-normalize": {
      "version": "3.0.1",
      "license": "MIT",
      "engines": {
        "node": ">=6"
      },
      "funding": {
        "url": "https://github.com/sponsors/sindresorhus"
      }
    }
  }
}
